// !$*UTF8*$!
{
	archiveVersion = 1;
	classes = {
	};
	objectVersion = 50;
	objects = {

/* Begin PBXBuildFile section */
		1F0D8E8E5B1F5A892BB8D57A /* libPods-tata_oc.a in Frameworks */ = {isa = PBXBuildFile; fileRef = 87E8F6D20EF3A5E21A39FE7D /* libPods-tata_oc.a */; };
		4D0DB42A21F07B6600CB4F07 /* YMBaseViewController.m in Sources */ = {isa = PBXBuildFile; fileRef = 4D0DB42921F07B6600CB4F07 /* YMBaseViewController.m */; };
		4D0DB42D21F07B8100CB4F07 /* YMReactiveCocoaViewController.m in Sources */ = {isa = PBXBuildFile; fileRef = 4D0DB42C21F07B8100CB4F07 /* YMReactiveCocoaViewController.m */; };
		4D0EBFAB2137C14C0063D556 /* YMAlgorithmViewController.m in Sources */ = {isa = PBXBuildFile; fileRef = 4D0EBFAA2137C14C0063D556 /* YMAlgorithmViewController.m */; };
		4D0EBFB02137CD370063D556 /* YMBinaryTreeViewController.m in Sources */ = {isa = PBXBuildFile; fileRef = 4D0EBFAF2137CD370063D556 /* YMBinaryTreeViewController.m */; };
		4D0EBFB32137CE5D0063D556 /* YMAlgorithmDrawView.m in Sources */ = {isa = PBXBuildFile; fileRef = 4D0EBFB22137CE5D0063D556 /* YMAlgorithmDrawView.m */; };
		4D0EBFB72137DB8B0063D556 /* UIColor+Util.m in Sources */ = {isa = PBXBuildFile; fileRef = 4D0EBFB62137DB8B0063D556 /* UIColor+Util.m */; };
		4D0EBFBA2137E2120063D556 /* YMDrawUtil.m in Sources */ = {isa = PBXBuildFile; fileRef = 4D0EBFB92137E2120063D556 /* YMDrawUtil.m */; };
		4D0EBFBD2137F87C0063D556 /* YMRBTreeViewController.m in Sources */ = {isa = PBXBuildFile; fileRef = 4D0EBFBC2137F87C0063D556 /* YMRBTreeViewController.m */; };
		4D15ADF32147891900B36D0C /* YMSafeAreaViewController.m in Sources */ = {isa = PBXBuildFile; fileRef = 4D15ADF22147891900B36D0C /* YMSafeAreaViewController.m */; };
		4D19915B21269742003D59D0 /* YMAIChatQQ.m in Sources */ = {isa = PBXBuildFile; fileRef = 4D19915A21269742003D59D0 /* YMAIChatQQ.m */; };
		4D19915E212697AC003D59D0 /* YMChatViewController.m in Sources */ = {isa = PBXBuildFile; fileRef = 4D19915D212697AC003D59D0 /* YMChatViewController.m */; };
		4D22685C20D20673006D54D1 /* AppDelegate.m in Sources */ = {isa = PBXBuildFile; fileRef = 4D22685B20D20673006D54D1 /* AppDelegate.m */; };
		4D22685F20D20673006D54D1 /* ViewController.m in Sources */ = {isa = PBXBuildFile; fileRef = 4D22685E20D20673006D54D1 /* ViewController.m */; };
		4D22686220D20673006D54D1 /* Main.storyboard in Resources */ = {isa = PBXBuildFile; fileRef = 4D22686020D20673006D54D1 /* Main.storyboard */; };
		4D22686420D20675006D54D1 /* Assets.xcassets in Resources */ = {isa = PBXBuildFile; fileRef = 4D22686320D20675006D54D1 /* Assets.xcassets */; };
		4D22686720D20675006D54D1 /* LaunchScreen.storyboard in Resources */ = {isa = PBXBuildFile; fileRef = 4D22686520D20675006D54D1 /* LaunchScreen.storyboard */; };
		4D22686A20D20675006D54D1 /* main.m in Sources */ = {isa = PBXBuildFile; fileRef = 4D22686920D20675006D54D1 /* main.m */; };
		4D22687520D2086A006D54D1 /* YMScrollViewController.m in Sources */ = {isa = PBXBuildFile; fileRef = 4D22687420D2086A006D54D1 /* YMScrollViewController.m */; };
		4D24B7A322366FC400B71755 /* YMThreadTestController.m in Sources */ = {isa = PBXBuildFile; fileRef = 4D24B7A222366FC400B71755 /* YMThreadTestController.m */; };
		4D257E81221E3F290029BBCC /* YMTestSwipCellViewController.m in Sources */ = {isa = PBXBuildFile; fileRef = 4D257E80221E3F290029BBCC /* YMTestSwipCellViewController.m */; };
		4D38518021A7B0240083CC41 /* YMFeedsFlowViewController.m in Sources */ = {isa = PBXBuildFile; fileRef = 4D38517F21A7B0240083CC41 /* YMFeedsFlowViewController.m */; };
		4D38518421A7CB230083CC41 /* YMFeedModel.m in Sources */ = {isa = PBXBuildFile; fileRef = 4D38518321A7CB230083CC41 /* YMFeedModel.m */; };
		4D38518821A7CD660083CC41 /* Feeds.plist in Resources */ = {isa = PBXBuildFile; fileRef = 4D38518721A7CD660083CC41 /* Feeds.plist */; };
		4D38518D21A805C20083CC41 /* YMFeedTableViewCell.m in Sources */ = {isa = PBXBuildFile; fileRef = 4D38518C21A805C20083CC41 /* YMFeedTableViewCell.m */; };
		4D39791B20DCA7B50035C478 /* AudioToolbox.framework in Frameworks */ = {isa = PBXBuildFile; fileRef = 4D39791A20DCA7B50035C478 /* AudioToolbox.framework */; };
		4D39791D20DCA7BD0035C478 /* AVFoundation.framework in Frameworks */ = {isa = PBXBuildFile; fileRef = 4D39791C20DCA7BD0035C478 /* AVFoundation.framework */; };
		4D39791F20DCA7C60035C478 /* CoreGraphics.framework in Frameworks */ = {isa = PBXBuildFile; fileRef = 4D39791E20DCA7C60035C478 /* CoreGraphics.framework */; };
		4D39792120DCA7CF0035C478 /* CoreMedia.framework in Frameworks */ = {isa = PBXBuildFile; fileRef = 4D39792020DCA7CF0035C478 /* CoreMedia.framework */; };
		4D39792320DCA7DB0035C478 /* CoreVideo.framework in Frameworks */ = {isa = PBXBuildFile; fileRef = 4D39792220DCA7DB0035C478 /* CoreVideo.framework */; };
		4D39792520DCA7F90035C478 /* libbz2.tbd in Frameworks */ = {isa = PBXBuildFile; fileRef = 4D39792420DCA7F90035C478 /* libbz2.tbd */; };
		4D39792720DCA8010035C478 /* libz.tbd in Frameworks */ = {isa = PBXBuildFile; fileRef = 4D39792620DCA8010035C478 /* libz.tbd */; };
		4D39792920DCA80B0035C478 /* MediaPlayer.framework in Frameworks */ = {isa = PBXBuildFile; fileRef = 4D39792820DCA80B0035C478 /* MediaPlayer.framework */; };
		4D39792B20DCA8150035C478 /* MobileCoreServices.framework in Frameworks */ = {isa = PBXBuildFile; fileRef = 4D39792A20DCA8150035C478 /* MobileCoreServices.framework */; };
		4D39792D20DCA81E0035C478 /* OpenGLES.framework in Frameworks */ = {isa = PBXBuildFile; fileRef = 4D39792C20DCA81E0035C478 /* OpenGLES.framework */; };
		4D39792F20DCA8260035C478 /* QuartzCore.framework in Frameworks */ = {isa = PBXBuildFile; fileRef = 4D39792E20DCA8260035C478 /* QuartzCore.framework */; };
		4D39793120DCA82F0035C478 /* UIKit.framework in Frameworks */ = {isa = PBXBuildFile; fileRef = 4D39793020DCA82F0035C478 /* UIKit.framework */; };
		4D39793320DCA8390035C478 /* VideoToolbox.framework in Frameworks */ = {isa = PBXBuildFile; fileRef = 4D39793220DCA8390035C478 /* VideoToolbox.framework */; };
		4D39793520DCAC5F0035C478 /* libc++.tbd in Frameworks */ = {isa = PBXBuildFile; fileRef = 4D39793420DCAC5F0035C478 /* libc++.tbd */; };
		4D7AEC6B2136462400043593 /* YMAlgorithm.m in Sources */ = {isa = PBXBuildFile; fileRef = 4D7AEC6A2136462400043593 /* YMAlgorithm.m */; };
		4D7AEC6E2136464600043593 /* YMCommonViewController.m in Sources */ = {isa = PBXBuildFile; fileRef = 4D7AEC6D2136464600043593 /* YMCommonViewController.m */; };
		4D8A336C2242365B00D6AA68 /* YMUITableViewTestViewController.m in Sources */ = {isa = PBXBuildFile; fileRef = 4D8A336B2242365B00D6AA68 /* YMUITableViewTestViewController.m */; };
		4D8F5CE8215B1E18005B855E /* JLAnchorPageScrollViewAgent.m in Sources */ = {isa = PBXBuildFile; fileRef = 4D8F5CE7215B1E18005B855E /* JLAnchorPageScrollViewAgent.m */; };
		4D8F5CEB215B1FB5005B855E /* YMLeftTableViewController.m in Sources */ = {isa = PBXBuildFile; fileRef = 4D8F5CEA215B1FB5005B855E /* YMLeftTableViewController.m */; };
		4D8F5CEE215B1FC2005B855E /* YMRightTableViewController.m in Sources */ = {isa = PBXBuildFile; fileRef = 4D8F5CED215B1FC2005B855E /* YMRightTableViewController.m */; };
		4D8F5CF3215B3703005B855E /* YMFunc.m in Sources */ = {isa = PBXBuildFile; fileRef = 4D8F5CF2215B3703005B855E /* YMFunc.m */; };
		4DA1D82B213F8778006B7683 /* YMNormalAlgorithmViewController.m in Sources */ = {isa = PBXBuildFile; fileRef = 4DA1D82A213F8778006B7683 /* YMNormalAlgorithmViewController.m */; };
		4DB066EE21C9EEFC00700FFE /* YMSysAutoFeedViewController.m in Sources */ = {isa = PBXBuildFile; fileRef = 4DB066ED21C9EEFC00700FFE /* YMSysAutoFeedViewController.m */; };
		4DB066F121C9EF1400700FFE /* YMSysAutoFeedTableViewCell.m in Sources */ = {isa = PBXBuildFile; fileRef = 4DB066F021C9EF1400700FFE /* YMSysAutoFeedTableViewCell.m */; };
		4DBAAB9A212D75A600F340C3 /* YMScrollView.m in Sources */ = {isa = PBXBuildFile; fileRef = 4DBAAB99212D75A600F340C3 /* YMScrollView.m */; };
		4DC73C4621ABC09300A80774 /* YMAutoFeedTableViewCell.m in Sources */ = {isa = PBXBuildFile; fileRef = 4DC73C4521ABC09300A80774 /* YMAutoFeedTableViewCell.m */; };
		4DC73C4921ABC0DB00A80774 /* YMAutoFeedViewController.m in Sources */ = {isa = PBXBuildFile; fileRef = 4DC73C4821ABC0DB00A80774 /* YMAutoFeedViewController.m */; };
		4DD81E022181705400C3011B /* YMAnimationViewController.m in Sources */ = {isa = PBXBuildFile; fileRef = 4DD81E012181705400C3011B /* YMAnimationViewController.m */; };
		4DE122202142271B00BC3FED /* YMPhysicsViewController.m in Sources */ = {isa = PBXBuildFile; fileRef = 4DE1221F2142271B00BC3FED /* YMPhysicsViewController.m */; };
		4DE122252142275400BC3FED /* YMMathsViewController.m in Sources */ = {isa = PBXBuildFile; fileRef = 4DE122242142275400BC3FED /* YMMathsViewController.m */; };
		4DE122282142292300BC3FED /* YMThirdPartyViewController.m in Sources */ = {isa = PBXBuildFile; fileRef = 4DE122272142292300BC3FED /* YMThirdPartyViewController.m */; };
		4DE1222B2142299200BC3FED /* YMUIViewController.m in Sources */ = {isa = PBXBuildFile; fileRef = 4DE1222A2142299200BC3FED /* YMUIViewController.m */; };
		B40AFF662341C45A0098F28F /* UIDevice+YM.m in Sources */ = {isa = PBXBuildFile; fileRef = B40AFF652341C45A0098F28F /* UIDevice+YM.m */; };
		B40AFF692341C4C40098F28F /* YMSoundUtil.m in Sources */ = {isa = PBXBuildFile; fileRef = B40AFF682341C4C40098F28F /* YMSoundUtil.m */; };
		B40AFF6C2341CEE80098F28F /* YMSoundViewController.m in Sources */ = {isa = PBXBuildFile; fileRef = B40AFF6B2341CEE80098F28F /* YMSoundViewController.m */; };
		B420442523430B82002CB8AB /* UIView+Extension.m in Sources */ = {isa = PBXBuildFile; fileRef = B420442423430B82002CB8AB /* UIView+Extension.m */; };
		B435889F232794BC0007FD55 /* YMCollectionTest02ViewController.m in Sources */ = {isa = PBXBuildFile; fileRef = B435889E232794BC0007FD55 /* YMCollectionTest02ViewController.m */; };
		B43588A223279F150007FD55 /* YMProxy.m in Sources */ = {isa = PBXBuildFile; fileRef = B43588A123279F150007FD55 /* YMProxy.m */; };
		B43B64DA22FD4544009AA0A5 /* arrow@2x.png in Resources */ = {isa = PBXBuildFile; fileRef = B43B64D922FD4544009AA0A5 /* arrow@2x.png */; };
		B44D6D522452B18B00379401 /* MSWeakTimer.m in Sources */ = {isa = PBXBuildFile; fileRef = B44D6D512452B18A00379401 /* MSWeakTimer.m */; };
		B466B43D22B0ACF5008D5F78 /* YMCollectionTest01ViewController.m in Sources */ = {isa = PBXBuildFile; fileRef = B466B43C22B0ACF4008D5F78 /* YMCollectionTest01ViewController.m */; };
		B4B16ADE22F3FFD70004BD56 /* YMNaviBarTestViewController.m in Sources */ = {isa = PBXBuildFile; fileRef = B4B16ADD22F3FFD70004BD56 /* YMNaviBarTestViewController.m */; };
/* End PBXBuildFile section */

/* Begin PBXCopyFilesBuildPhase section */
		4D88DAD620FF27C000470445 /* Embed Frameworks */ = {
			isa = PBXCopyFilesBuildPhase;
			buildActionMask = 2147483647;
			dstPath = "";
			dstSubfolderSpec = 10;
			files = (
			);
			name = "Embed Frameworks";
			runOnlyForDeploymentPostprocessing = 0;
		};
/* End PBXCopyFilesBuildPhase section */

/* Begin PBXFileReference section */
		4D0DB42821F07B6600CB4F07 /* YMBaseViewController.h */ = {isa = PBXFileReference; lastKnownFileType = sourcecode.c.h; path = YMBaseViewController.h; sourceTree = "<group>"; };
		4D0DB42921F07B6600CB4F07 /* YMBaseViewController.m */ = {isa = PBXFileReference; lastKnownFileType = sourcecode.c.objc; path = YMBaseViewController.m; sourceTree = "<group>"; };
		4D0DB42B21F07B8100CB4F07 /* YMReactiveCocoaViewController.h */ = {isa = PBXFileReference; lastKnownFileType = sourcecode.c.h; path = YMReactiveCocoaViewController.h; sourceTree = "<group>"; };
		4D0DB42C21F07B8100CB4F07 /* YMReactiveCocoaViewController.m */ = {isa = PBXFileReference; lastKnownFileType = sourcecode.c.objc; path = YMReactiveCocoaViewController.m; sourceTree = "<group>"; };
		4D0EBFA92137C14C0063D556 /* YMAlgorithmViewController.h */ = {isa = PBXFileReference; lastKnownFileType = sourcecode.c.h; path = YMAlgorithmViewController.h; sourceTree = "<group>"; };
		4D0EBFAA2137C14C0063D556 /* YMAlgorithmViewController.m */ = {isa = PBXFileReference; lastKnownFileType = sourcecode.c.objc; path = YMAlgorithmViewController.m; sourceTree = "<group>"; };
		4D0EBFAE2137CD370063D556 /* YMBinaryTreeViewController.h */ = {isa = PBXFileReference; lastKnownFileType = sourcecode.c.h; path = YMBinaryTreeViewController.h; sourceTree = "<group>"; };
		4D0EBFAF2137CD370063D556 /* YMBinaryTreeViewController.m */ = {isa = PBXFileReference; lastKnownFileType = sourcecode.c.objc; path = YMBinaryTreeViewController.m; sourceTree = "<group>"; };
		4D0EBFB12137CE5D0063D556 /* YMAlgorithmDrawView.h */ = {isa = PBXFileReference; lastKnownFileType = sourcecode.c.h; path = YMAlgorithmDrawView.h; sourceTree = "<group>"; };
		4D0EBFB22137CE5D0063D556 /* YMAlgorithmDrawView.m */ = {isa = PBXFileReference; lastKnownFileType = sourcecode.c.objc; path = YMAlgorithmDrawView.m; sourceTree = "<group>"; };
		4D0EBFB52137DB8B0063D556 /* UIColor+Util.h */ = {isa = PBXFileReference; lastKnownFileType = sourcecode.c.h; path = "UIColor+Util.h"; sourceTree = "<group>"; };
		4D0EBFB62137DB8B0063D556 /* UIColor+Util.m */ = {isa = PBXFileReference; lastKnownFileType = sourcecode.c.objc; path = "UIColor+Util.m"; sourceTree = "<group>"; };
		4D0EBFB82137E2120063D556 /* YMDrawUtil.h */ = {isa = PBXFileReference; lastKnownFileType = sourcecode.c.h; path = YMDrawUtil.h; sourceTree = "<group>"; };
		4D0EBFB92137E2120063D556 /* YMDrawUtil.m */ = {isa = PBXFileReference; lastKnownFileType = sourcecode.c.objc; path = YMDrawUtil.m; sourceTree = "<group>"; };
		4D0EBFBB2137F87C0063D556 /* YMRBTreeViewController.h */ = {isa = PBXFileReference; lastKnownFileType = sourcecode.c.h; path = YMRBTreeViewController.h; sourceTree = "<group>"; };
		4D0EBFBC2137F87C0063D556 /* YMRBTreeViewController.m */ = {isa = PBXFileReference; lastKnownFileType = sourcecode.c.objc; path = YMRBTreeViewController.m; sourceTree = "<group>"; };
		4D15ADF12147891900B36D0C /* YMSafeAreaViewController.h */ = {isa = PBXFileReference; lastKnownFileType = sourcecode.c.h; path = YMSafeAreaViewController.h; sourceTree = "<group>"; };
		4D15ADF22147891900B36D0C /* YMSafeAreaViewController.m */ = {isa = PBXFileReference; lastKnownFileType = sourcecode.c.objc; path = YMSafeAreaViewController.m; sourceTree = "<group>"; };
		4D19915921269742003D59D0 /* YMAIChatQQ.h */ = {isa = PBXFileReference; lastKnownFileType = sourcecode.c.h; path = YMAIChatQQ.h; sourceTree = "<group>"; };
		4D19915A21269742003D59D0 /* YMAIChatQQ.m */ = {isa = PBXFileReference; lastKnownFileType = sourcecode.c.objc; path = YMAIChatQQ.m; sourceTree = "<group>"; };
		4D19915C212697AC003D59D0 /* YMChatViewController.h */ = {isa = PBXFileReference; lastKnownFileType = sourcecode.c.h; path = YMChatViewController.h; sourceTree = "<group>"; };
		4D19915D212697AC003D59D0 /* YMChatViewController.m */ = {isa = PBXFileReference; lastKnownFileType = sourcecode.c.objc; path = YMChatViewController.m; sourceTree = "<group>"; };
		4D22685720D20673006D54D1 /* tata_oc.app */ = {isa = PBXFileReference; explicitFileType = wrapper.application; includeInIndex = 0; path = tata_oc.app; sourceTree = BUILT_PRODUCTS_DIR; };
		4D22685A20D20673006D54D1 /* AppDelegate.h */ = {isa = PBXFileReference; lastKnownFileType = sourcecode.c.h; path = AppDelegate.h; sourceTree = "<group>"; };
		4D22685B20D20673006D54D1 /* AppDelegate.m */ = {isa = PBXFileReference; lastKnownFileType = sourcecode.c.objc; path = AppDelegate.m; sourceTree = "<group>"; };
		4D22685D20D20673006D54D1 /* ViewController.h */ = {isa = PBXFileReference; lastKnownFileType = sourcecode.c.h; path = ViewController.h; sourceTree = "<group>"; };
		4D22685E20D20673006D54D1 /* ViewController.m */ = {isa = PBXFileReference; lastKnownFileType = sourcecode.c.objc; path = ViewController.m; sourceTree = "<group>"; };
		4D22686120D20673006D54D1 /* Base */ = {isa = PBXFileReference; lastKnownFileType = file.storyboard; name = Base; path = Base.lproj/Main.storyboard; sourceTree = "<group>"; };
		4D22686320D20675006D54D1 /* Assets.xcassets */ = {isa = PBXFileReference; lastKnownFileType = folder.assetcatalog; path = Assets.xcassets; sourceTree = "<group>"; };
		4D22686620D20675006D54D1 /* Base */ = {isa = PBXFileReference; lastKnownFileType = file.storyboard; name = Base; path = Base.lproj/LaunchScreen.storyboard; sourceTree = "<group>"; };
		4D22686820D20675006D54D1 /* Info.plist */ = {isa = PBXFileReference; lastKnownFileType = text.plist.xml; path = Info.plist; sourceTree = "<group>"; };
		4D22686920D20675006D54D1 /* main.m */ = {isa = PBXFileReference; lastKnownFileType = sourcecode.c.objc; path = main.m; sourceTree = "<group>"; };
		4D22687320D2086A006D54D1 /* YMScrollViewController.h */ = {isa = PBXFileReference; lastKnownFileType = sourcecode.c.h; path = YMScrollViewController.h; sourceTree = "<group>"; };
		4D22687420D2086A006D54D1 /* YMScrollViewController.m */ = {isa = PBXFileReference; lastKnownFileType = sourcecode.c.objc; path = YMScrollViewController.m; sourceTree = "<group>"; };
		4D24B7A122366FC400B71755 /* YMThreadTestController.h */ = {isa = PBXFileReference; lastKnownFileType = sourcecode.c.h; path = YMThreadTestController.h; sourceTree = "<group>"; };
		4D24B7A222366FC400B71755 /* YMThreadTestController.m */ = {isa = PBXFileReference; lastKnownFileType = sourcecode.c.objc; path = YMThreadTestController.m; sourceTree = "<group>"; };
		4D257E7F221E3F290029BBCC /* YMTestSwipCellViewController.h */ = {isa = PBXFileReference; lastKnownFileType = sourcecode.c.h; path = YMTestSwipCellViewController.h; sourceTree = "<group>"; };
		4D257E80221E3F290029BBCC /* YMTestSwipCellViewController.m */ = {isa = PBXFileReference; lastKnownFileType = sourcecode.c.objc; path = YMTestSwipCellViewController.m; sourceTree = "<group>"; };
		4D38517E21A7B0240083CC41 /* YMFeedsFlowViewController.h */ = {isa = PBXFileReference; lastKnownFileType = sourcecode.c.h; path = YMFeedsFlowViewController.h; sourceTree = "<group>"; };
		4D38517F21A7B0240083CC41 /* YMFeedsFlowViewController.m */ = {isa = PBXFileReference; lastKnownFileType = sourcecode.c.objc; path = YMFeedsFlowViewController.m; sourceTree = "<group>"; };
		4D38518221A7CB230083CC41 /* YMFeedModel.h */ = {isa = PBXFileReference; lastKnownFileType = sourcecode.c.h; path = YMFeedModel.h; sourceTree = "<group>"; };
		4D38518321A7CB230083CC41 /* YMFeedModel.m */ = {isa = PBXFileReference; lastKnownFileType = sourcecode.c.objc; path = YMFeedModel.m; sourceTree = "<group>"; };
		4D38518721A7CD660083CC41 /* Feeds.plist */ = {isa = PBXFileReference; lastKnownFileType = text.plist.xml; path = Feeds.plist; sourceTree = "<group>"; };
		4D38518A21A7F1590083CC41 /* YMDefine.h */ = {isa = PBXFileReference; lastKnownFileType = sourcecode.c.h; path = YMDefine.h; sourceTree = "<group>"; };
		4D38518B21A805C20083CC41 /* YMFeedTableViewCell.h */ = {isa = PBXFileReference; lastKnownFileType = sourcecode.c.h; path = YMFeedTableViewCell.h; sourceTree = "<group>"; };
		4D38518C21A805C20083CC41 /* YMFeedTableViewCell.m */ = {isa = PBXFileReference; lastKnownFileType = sourcecode.c.objc; path = YMFeedTableViewCell.m; sourceTree = "<group>"; };
		4D39791A20DCA7B50035C478 /* AudioToolbox.framework */ = {isa = PBXFileReference; lastKnownFileType = wrapper.framework; name = AudioToolbox.framework; path = System/Library/Frameworks/AudioToolbox.framework; sourceTree = SDKROOT; };
		4D39791C20DCA7BD0035C478 /* AVFoundation.framework */ = {isa = PBXFileReference; lastKnownFileType = wrapper.framework; name = AVFoundation.framework; path = System/Library/Frameworks/AVFoundation.framework; sourceTree = SDKROOT; };
		4D39791E20DCA7C60035C478 /* CoreGraphics.framework */ = {isa = PBXFileReference; lastKnownFileType = wrapper.framework; name = CoreGraphics.framework; path = System/Library/Frameworks/CoreGraphics.framework; sourceTree = SDKROOT; };
		4D39792020DCA7CF0035C478 /* CoreMedia.framework */ = {isa = PBXFileReference; lastKnownFileType = wrapper.framework; name = CoreMedia.framework; path = System/Library/Frameworks/CoreMedia.framework; sourceTree = SDKROOT; };
		4D39792220DCA7DB0035C478 /* CoreVideo.framework */ = {isa = PBXFileReference; lastKnownFileType = wrapper.framework; name = CoreVideo.framework; path = System/Library/Frameworks/CoreVideo.framework; sourceTree = SDKROOT; };
		4D39792420DCA7F90035C478 /* libbz2.tbd */ = {isa = PBXFileReference; lastKnownFileType = "sourcecode.text-based-dylib-definition"; name = libbz2.tbd; path = usr/lib/libbz2.tbd; sourceTree = SDKROOT; };
		4D39792620DCA8010035C478 /* libz.tbd */ = {isa = PBXFileReference; lastKnownFileType = "sourcecode.text-based-dylib-definition"; name = libz.tbd; path = usr/lib/libz.tbd; sourceTree = SDKROOT; };
		4D39792820DCA80B0035C478 /* MediaPlayer.framework */ = {isa = PBXFileReference; lastKnownFileType = wrapper.framework; name = MediaPlayer.framework; path = System/Library/Frameworks/MediaPlayer.framework; sourceTree = SDKROOT; };
		4D39792A20DCA8150035C478 /* MobileCoreServices.framework */ = {isa = PBXFileReference; lastKnownFileType = wrapper.framework; name = MobileCoreServices.framework; path = System/Library/Frameworks/MobileCoreServices.framework; sourceTree = SDKROOT; };
		4D39792C20DCA81E0035C478 /* OpenGLES.framework */ = {isa = PBXFileReference; lastKnownFileType = wrapper.framework; name = OpenGLES.framework; path = System/Library/Frameworks/OpenGLES.framework; sourceTree = SDKROOT; };
		4D39792E20DCA8260035C478 /* QuartzCore.framework */ = {isa = PBXFileReference; lastKnownFileType = wrapper.framework; name = QuartzCore.framework; path = System/Library/Frameworks/QuartzCore.framework; sourceTree = SDKROOT; };
		4D39793020DCA82F0035C478 /* UIKit.framework */ = {isa = PBXFileReference; lastKnownFileType = wrapper.framework; name = UIKit.framework; path = System/Library/Frameworks/UIKit.framework; sourceTree = SDKROOT; };
		4D39793220DCA8390035C478 /* VideoToolbox.framework */ = {isa = PBXFileReference; lastKnownFileType = wrapper.framework; name = VideoToolbox.framework; path = System/Library/Frameworks/VideoToolbox.framework; sourceTree = SDKROOT; };
		4D39793420DCAC5F0035C478 /* libc++.tbd */ = {isa = PBXFileReference; lastKnownFileType = "sourcecode.text-based-dylib-definition"; name = "libc++.tbd"; path = "usr/lib/libc++.tbd"; sourceTree = SDKROOT; };
		4D7AEC68213645D900043593 /* YMProtocol.h */ = {isa = PBXFileReference; lastKnownFileType = sourcecode.c.h; path = YMProtocol.h; sourceTree = "<group>"; };
		4D7AEC692136462400043593 /* YMAlgorithm.h */ = {isa = PBXFileReference; lastKnownFileType = sourcecode.c.h; path = YMAlgorithm.h; sourceTree = "<group>"; };
		4D7AEC6A2136462400043593 /* YMAlgorithm.m */ = {isa = PBXFileReference; lastKnownFileType = sourcecode.c.objc; path = YMAlgorithm.m; sourceTree = "<group>"; };
		4D7AEC6C2136464600043593 /* YMCommonViewController.h */ = {isa = PBXFileReference; lastKnownFileType = sourcecode.c.h; path = YMCommonViewController.h; sourceTree = "<group>"; };
		4D7AEC6D2136464600043593 /* YMCommonViewController.m */ = {isa = PBXFileReference; lastKnownFileType = sourcecode.c.objc; path = YMCommonViewController.m; sourceTree = "<group>"; };
		4D7AEC7121364A7200043593 /* YMHeader.pch */ = {isa = PBXFileReference; fileEncoding = 4; lastKnownFileType = sourcecode.c.h; path = YMHeader.pch; sourceTree = "<group>"; };
		4D8A336A2242365B00D6AA68 /* YMUITableViewTestViewController.h */ = {isa = PBXFileReference; lastKnownFileType = sourcecode.c.h; path = YMUITableViewTestViewController.h; sourceTree = "<group>"; };
		4D8A336B2242365B00D6AA68 /* YMUITableViewTestViewController.m */ = {isa = PBXFileReference; lastKnownFileType = sourcecode.c.objc; path = YMUITableViewTestViewController.m; sourceTree = "<group>"; };
		4D8F5CE6215B1E18005B855E /* JLAnchorPageScrollViewAgent.h */ = {isa = PBXFileReference; fileEncoding = 4; lastKnownFileType = sourcecode.c.h; path = JLAnchorPageScrollViewAgent.h; sourceTree = "<group>"; };
		4D8F5CE7215B1E18005B855E /* JLAnchorPageScrollViewAgent.m */ = {isa = PBXFileReference; fileEncoding = 4; lastKnownFileType = sourcecode.c.objc; path = JLAnchorPageScrollViewAgent.m; sourceTree = "<group>"; };
		4D8F5CE9215B1FB5005B855E /* YMLeftTableViewController.h */ = {isa = PBXFileReference; lastKnownFileType = sourcecode.c.h; path = YMLeftTableViewController.h; sourceTree = "<group>"; };
		4D8F5CEA215B1FB5005B855E /* YMLeftTableViewController.m */ = {isa = PBXFileReference; lastKnownFileType = sourcecode.c.objc; path = YMLeftTableViewController.m; sourceTree = "<group>"; };
		4D8F5CEC215B1FC2005B855E /* YMRightTableViewController.h */ = {isa = PBXFileReference; lastKnownFileType = sourcecode.c.h; path = YMRightTableViewController.h; sourceTree = "<group>"; };
		4D8F5CED215B1FC2005B855E /* YMRightTableViewController.m */ = {isa = PBXFileReference; lastKnownFileType = sourcecode.c.objc; path = YMRightTableViewController.m; sourceTree = "<group>"; };
		4D8F5CF1215B3703005B855E /* YMFunc.h */ = {isa = PBXFileReference; lastKnownFileType = sourcecode.c.h; path = YMFunc.h; sourceTree = "<group>"; };
		4D8F5CF2215B3703005B855E /* YMFunc.m */ = {isa = PBXFileReference; lastKnownFileType = sourcecode.c.objc; path = YMFunc.m; sourceTree = "<group>"; };
		4D8F5CF4215B4CEB005B855E /* JLAnchorPageScrollViewAgentDelegate.h */ = {isa = PBXFileReference; lastKnownFileType = sourcecode.c.h; path = JLAnchorPageScrollViewAgentDelegate.h; sourceTree = "<group>"; };
		4DA1D829213F8778006B7683 /* YMNormalAlgorithmViewController.h */ = {isa = PBXFileReference; lastKnownFileType = sourcecode.c.h; path = YMNormalAlgorithmViewController.h; sourceTree = "<group>"; };
		4DA1D82A213F8778006B7683 /* YMNormalAlgorithmViewController.m */ = {isa = PBXFileReference; lastKnownFileType = sourcecode.c.objc; path = YMNormalAlgorithmViewController.m; sourceTree = "<group>"; };
		4DB066EC21C9EEFC00700FFE /* YMSysAutoFeedViewController.h */ = {isa = PBXFileReference; lastKnownFileType = sourcecode.c.h; path = YMSysAutoFeedViewController.h; sourceTree = "<group>"; };
		4DB066ED21C9EEFC00700FFE /* YMSysAutoFeedViewController.m */ = {isa = PBXFileReference; lastKnownFileType = sourcecode.c.objc; path = YMSysAutoFeedViewController.m; sourceTree = "<group>"; };
		4DB066EF21C9EF1400700FFE /* YMSysAutoFeedTableViewCell.h */ = {isa = PBXFileReference; lastKnownFileType = sourcecode.c.h; path = YMSysAutoFeedTableViewCell.h; sourceTree = "<group>"; };
		4DB066F021C9EF1400700FFE /* YMSysAutoFeedTableViewCell.m */ = {isa = PBXFileReference; lastKnownFileType = sourcecode.c.objc; path = YMSysAutoFeedTableViewCell.m; sourceTree = "<group>"; };
		4DBAAB98212D75A600F340C3 /* YMScrollView.h */ = {isa = PBXFileReference; lastKnownFileType = sourcecode.c.h; path = YMScrollView.h; sourceTree = "<group>"; };
		4DBAAB99212D75A600F340C3 /* YMScrollView.m */ = {isa = PBXFileReference; lastKnownFileType = sourcecode.c.objc; path = YMScrollView.m; sourceTree = "<group>"; };
		4DC73C4421ABC09300A80774 /* YMAutoFeedTableViewCell.h */ = {isa = PBXFileReference; lastKnownFileType = sourcecode.c.h; path = YMAutoFeedTableViewCell.h; sourceTree = "<group>"; };
		4DC73C4521ABC09300A80774 /* YMAutoFeedTableViewCell.m */ = {isa = PBXFileReference; lastKnownFileType = sourcecode.c.objc; path = YMAutoFeedTableViewCell.m; sourceTree = "<group>"; };
		4DC73C4721ABC0DB00A80774 /* YMAutoFeedViewController.h */ = {isa = PBXFileReference; lastKnownFileType = sourcecode.c.h; path = YMAutoFeedViewController.h; sourceTree = "<group>"; };
		4DC73C4821ABC0DB00A80774 /* YMAutoFeedViewController.m */ = {isa = PBXFileReference; lastKnownFileType = sourcecode.c.objc; path = YMAutoFeedViewController.m; sourceTree = "<group>"; };
		4DD81E002181705400C3011B /* YMAnimationViewController.h */ = {isa = PBXFileReference; lastKnownFileType = sourcecode.c.h; path = YMAnimationViewController.h; sourceTree = "<group>"; };
		4DD81E012181705400C3011B /* YMAnimationViewController.m */ = {isa = PBXFileReference; lastKnownFileType = sourcecode.c.objc; path = YMAnimationViewController.m; sourceTree = "<group>"; };
		4DE1221E2142271B00BC3FED /* YMPhysicsViewController.h */ = {isa = PBXFileReference; lastKnownFileType = sourcecode.c.h; path = YMPhysicsViewController.h; sourceTree = "<group>"; };
		4DE1221F2142271B00BC3FED /* YMPhysicsViewController.m */ = {isa = PBXFileReference; lastKnownFileType = sourcecode.c.objc; path = YMPhysicsViewController.m; sourceTree = "<group>"; };
		4DE122232142275400BC3FED /* YMMathsViewController.h */ = {isa = PBXFileReference; lastKnownFileType = sourcecode.c.h; path = YMMathsViewController.h; sourceTree = "<group>"; };
		4DE122242142275400BC3FED /* YMMathsViewController.m */ = {isa = PBXFileReference; lastKnownFileType = sourcecode.c.objc; path = YMMathsViewController.m; sourceTree = "<group>"; };
		4DE122262142292300BC3FED /* YMThirdPartyViewController.h */ = {isa = PBXFileReference; lastKnownFileType = sourcecode.c.h; path = YMThirdPartyViewController.h; sourceTree = "<group>"; };
		4DE122272142292300BC3FED /* YMThirdPartyViewController.m */ = {isa = PBXFileReference; lastKnownFileType = sourcecode.c.objc; path = YMThirdPartyViewController.m; sourceTree = "<group>"; };
		4DE122292142299200BC3FED /* YMUIViewController.h */ = {isa = PBXFileReference; lastKnownFileType = sourcecode.c.h; path = YMUIViewController.h; sourceTree = "<group>"; };
		4DE1222A2142299200BC3FED /* YMUIViewController.m */ = {isa = PBXFileReference; lastKnownFileType = sourcecode.c.objc; path = YMUIViewController.m; sourceTree = "<group>"; };
		8170CAAD875E67BF14124E37 /* Pods-tata_oc.debug.xcconfig */ = {isa = PBXFileReference; includeInIndex = 1; lastKnownFileType = text.xcconfig; name = "Pods-tata_oc.debug.xcconfig"; path = "Pods/Target Support Files/Pods-tata_oc/Pods-tata_oc.debug.xcconfig"; sourceTree = "<group>"; };
		87E8F6D20EF3A5E21A39FE7D /* libPods-tata_oc.a */ = {isa = PBXFileReference; explicitFileType = archive.ar; includeInIndex = 0; path = "libPods-tata_oc.a"; sourceTree = BUILT_PRODUCTS_DIR; };
		B40AFF642341C45A0098F28F /* UIDevice+YM.h */ = {isa = PBXFileReference; lastKnownFileType = sourcecode.c.h; path = "UIDevice+YM.h"; sourceTree = "<group>"; };
		B40AFF652341C45A0098F28F /* UIDevice+YM.m */ = {isa = PBXFileReference; lastKnownFileType = sourcecode.c.objc; path = "UIDevice+YM.m"; sourceTree = "<group>"; };
		B40AFF672341C4C40098F28F /* YMSoundUtil.h */ = {isa = PBXFileReference; lastKnownFileType = sourcecode.c.h; path = YMSoundUtil.h; sourceTree = "<group>"; };
		B40AFF682341C4C40098F28F /* YMSoundUtil.m */ = {isa = PBXFileReference; lastKnownFileType = sourcecode.c.objc; path = YMSoundUtil.m; sourceTree = "<group>"; };
		B40AFF6A2341CEE80098F28F /* YMSoundViewController.h */ = {isa = PBXFileReference; lastKnownFileType = sourcecode.c.h; path = YMSoundViewController.h; sourceTree = "<group>"; };
		B40AFF6B2341CEE80098F28F /* YMSoundViewController.m */ = {isa = PBXFileReference; lastKnownFileType = sourcecode.c.objc; path = YMSoundViewController.m; sourceTree = "<group>"; };
		B420442323430B82002CB8AB /* UIView+Extension.h */ = {isa = PBXFileReference; fileEncoding = 4; lastKnownFileType = sourcecode.c.h; path = "UIView+Extension.h"; sourceTree = "<group>"; };
		B420442423430B82002CB8AB /* UIView+Extension.m */ = {isa = PBXFileReference; fileEncoding = 4; lastKnownFileType = sourcecode.c.objc; path = "UIView+Extension.m"; sourceTree = "<group>"; };
		B435889D232794BC0007FD55 /* YMCollectionTest02ViewController.h */ = {isa = PBXFileReference; lastKnownFileType = sourcecode.c.h; path = YMCollectionTest02ViewController.h; sourceTree = "<group>"; };
		B435889E232794BC0007FD55 /* YMCollectionTest02ViewController.m */ = {isa = PBXFileReference; lastKnownFileType = sourcecode.c.objc; path = YMCollectionTest02ViewController.m; sourceTree = "<group>"; };
		B43588A023279F150007FD55 /* YMProxy.h */ = {isa = PBXFileReference; lastKnownFileType = sourcecode.c.h; path = YMProxy.h; sourceTree = "<group>"; };
		B43588A123279F150007FD55 /* YMProxy.m */ = {isa = PBXFileReference; lastKnownFileType = sourcecode.c.objc; path = YMProxy.m; sourceTree = "<group>"; };
		B43B64D922FD4544009AA0A5 /* arrow@2x.png */ = {isa = PBXFileReference; lastKnownFileType = image.png; path = "arrow@2x.png"; sourceTree = "<group>"; };
		B44D6D502452B18A00379401 /* MSWeakTimer.h */ = {isa = PBXFileReference; fileEncoding = 4; lastKnownFileType = sourcecode.c.h; path = MSWeakTimer.h; sourceTree = "<group>"; };
		B44D6D512452B18A00379401 /* MSWeakTimer.m */ = {isa = PBXFileReference; fileEncoding = 4; lastKnownFileType = sourcecode.c.objc; path = MSWeakTimer.m; sourceTree = "<group>"; };
		B466B43B22B0ACF4008D5F78 /* YMCollectionTest01ViewController.h */ = {isa = PBXFileReference; lastKnownFileType = sourcecode.c.h; path = YMCollectionTest01ViewController.h; sourceTree = "<group>"; };
		B466B43C22B0ACF4008D5F78 /* YMCollectionTest01ViewController.m */ = {isa = PBXFileReference; lastKnownFileType = sourcecode.c.objc; path = YMCollectionTest01ViewController.m; sourceTree = "<group>"; };
		B4B16ADC22F3FFD70004BD56 /* YMNaviBarTestViewController.h */ = {isa = PBXFileReference; lastKnownFileType = sourcecode.c.h; path = YMNaviBarTestViewController.h; sourceTree = "<group>"; };
		B4B16ADD22F3FFD70004BD56 /* YMNaviBarTestViewController.m */ = {isa = PBXFileReference; lastKnownFileType = sourcecode.c.objc; path = YMNaviBarTestViewController.m; sourceTree = "<group>"; };
		EF9707026339CD0FA9E3136A /* Pods-tata_oc.release.xcconfig */ = {isa = PBXFileReference; includeInIndex = 1; lastKnownFileType = text.xcconfig; name = "Pods-tata_oc.release.xcconfig"; path = "Pods/Target Support Files/Pods-tata_oc/Pods-tata_oc.release.xcconfig"; sourceTree = "<group>"; };
/* End PBXFileReference section */

/* Begin PBXFrameworksBuildPhase section */
		4D22685420D20673006D54D1 /* Frameworks */ = {
			isa = PBXFrameworksBuildPhase;
			buildActionMask = 2147483647;
			files = (
				4D39793520DCAC5F0035C478 /* libc++.tbd in Frameworks */,
				4D39793320DCA8390035C478 /* VideoToolbox.framework in Frameworks */,
				4D39793120DCA82F0035C478 /* UIKit.framework in Frameworks */,
				4D39792F20DCA8260035C478 /* QuartzCore.framework in Frameworks */,
				4D39792D20DCA81E0035C478 /* OpenGLES.framework in Frameworks */,
				4D39792B20DCA8150035C478 /* MobileCoreServices.framework in Frameworks */,
				4D39792920DCA80B0035C478 /* MediaPlayer.framework in Frameworks */,
				4D39792720DCA8010035C478 /* libz.tbd in Frameworks */,
				4D39792520DCA7F90035C478 /* libbz2.tbd in Frameworks */,
				4D39792320DCA7DB0035C478 /* CoreVideo.framework in Frameworks */,
				4D39792120DCA7CF0035C478 /* CoreMedia.framework in Frameworks */,
				4D39791F20DCA7C60035C478 /* CoreGraphics.framework in Frameworks */,
				4D39791D20DCA7BD0035C478 /* AVFoundation.framework in Frameworks */,
				4D39791B20DCA7B50035C478 /* AudioToolbox.framework in Frameworks */,
				1F0D8E8E5B1F5A892BB8D57A /* libPods-tata_oc.a in Frameworks */,
			);
			runOnlyForDeploymentPostprocessing = 0;
		};
/* End PBXFrameworksBuildPhase section */

/* Begin PBXGroup section */
		4D0EBFAD2137CCBA0063D556 /* Algorithm */ = {
			isa = PBXGroup;
			children = (
				4D0EBFA92137C14C0063D556 /* YMAlgorithmViewController.h */,
				4D0EBFAA2137C14C0063D556 /* YMAlgorithmViewController.m */,
				4D0EBFAE2137CD370063D556 /* YMBinaryTreeViewController.h */,
				4D0EBFAF2137CD370063D556 /* YMBinaryTreeViewController.m */,
				4D0EBFBB2137F87C0063D556 /* YMRBTreeViewController.h */,
				4D0EBFBC2137F87C0063D556 /* YMRBTreeViewController.m */,
				4DA1D829213F8778006B7683 /* YMNormalAlgorithmViewController.h */,
				4DA1D82A213F8778006B7683 /* YMNormalAlgorithmViewController.m */,
			);
			path = Algorithm;
			sourceTree = "<group>";
		};
		4D0EBFB42137DB760063D556 /* Category */ = {
			isa = PBXGroup;
			children = (
				B420442323430B82002CB8AB /* UIView+Extension.h */,
				B420442423430B82002CB8AB /* UIView+Extension.m */,
				4D0EBFB52137DB8B0063D556 /* UIColor+Util.h */,
				4D0EBFB62137DB8B0063D556 /* UIColor+Util.m */,
				B40AFF642341C45A0098F28F /* UIDevice+YM.h */,
				B40AFF652341C45A0098F28F /* UIDevice+YM.m */,
			);
			path = Category;
			sourceTree = "<group>";
		};
		4D22684E20D20673006D54D1 = {
			isa = PBXGroup;
			children = (
				4D22685920D20673006D54D1 /* tata_oc */,
				4D22685820D20673006D54D1 /* Products */,
				B5712375E0A6EBF36BB48D87 /* Pods */,
				FC9ECB693AA42E6629000923 /* Frameworks */,
			);
			sourceTree = "<group>";
		};
		4D22685820D20673006D54D1 /* Products */ = {
			isa = PBXGroup;
			children = (
				4D22685720D20673006D54D1 /* tata_oc.app */,
			);
			name = Products;
			sourceTree = "<group>";
		};
		4D22685920D20673006D54D1 /* tata_oc */ = {
			isa = PBXGroup;
			children = (
				4D22685A20D20673006D54D1 /* AppDelegate.h */,
				4D22685B20D20673006D54D1 /* AppDelegate.m */,
				4D22685D20D20673006D54D1 /* ViewController.h */,
				4D22685E20D20673006D54D1 /* ViewController.m */,
				4D22686020D20673006D54D1 /* Main.storyboard */,
				4D22686520D20675006D54D1 /* LaunchScreen.storyboard */,
				4D22686820D20675006D54D1 /* Info.plist */,
				4D22686920D20675006D54D1 /* main.m */,
				4D7AEC67213645A800043593 /* Public */,
				4DE4644E212E588F00E16AB0 /* Controller */,
				4DE4644F212E594200E16AB0 /* Model */,
				4DE4644C212E587800E16AB0 /* View */,
				4DE4644D212E588000E16AB0 /* Utility */,
				4D2A9DE920E9F5DC00024B26 /* Asset */,
			);
			path = tata_oc;
			sourceTree = "<group>";
		};
		4D24B7A022366FA500B71755 /* Thread */ = {
			isa = PBXGroup;
			children = (
				4D24B7A122366FC400B71755 /* YMThreadTestController.h */,
				4D24B7A222366FC400B71755 /* YMThreadTestController.m */,
			);
			path = Thread;
			sourceTree = "<group>";
		};
		4D257E7E221E3EFD0029BBCC /* TableView */ = {
			isa = PBXGroup;
			children = (
				4D257E7F221E3F290029BBCC /* YMTestSwipCellViewController.h */,
				4D257E80221E3F290029BBCC /* YMTestSwipCellViewController.m */,
				4D8A336A2242365B00D6AA68 /* YMUITableViewTestViewController.h */,
				4D8A336B2242365B00D6AA68 /* YMUITableViewTestViewController.m */,
			);
			path = TableView;
			sourceTree = "<group>";
		};
		4D2A9DE920E9F5DC00024B26 /* Asset */ = {
			isa = PBXGroup;
			children = (
				B43B64D922FD4544009AA0A5 /* arrow@2x.png */,
				4D22686320D20675006D54D1 /* Assets.xcassets */,
				4D38518721A7CD660083CC41 /* Feeds.plist */,
			);
			path = Asset;
			sourceTree = "<group>";
		};
		4D38518121A7CB0B0083CC41 /* Feeds */ = {
			isa = PBXGroup;
			children = (
				4D38517E21A7B0240083CC41 /* YMFeedsFlowViewController.h */,
				4D38517F21A7B0240083CC41 /* YMFeedsFlowViewController.m */,
				4D38518B21A805C20083CC41 /* YMFeedTableViewCell.h */,
				4D38518C21A805C20083CC41 /* YMFeedTableViewCell.m */,
				4D38518221A7CB230083CC41 /* YMFeedModel.h */,
				4D38518321A7CB230083CC41 /* YMFeedModel.m */,
				4DC73C4721ABC0DB00A80774 /* YMAutoFeedViewController.h */,
				4DC73C4821ABC0DB00A80774 /* YMAutoFeedViewController.m */,
				4DC73C4421ABC09300A80774 /* YMAutoFeedTableViewCell.h */,
				4DC73C4521ABC09300A80774 /* YMAutoFeedTableViewCell.m */,
				4DB066EC21C9EEFC00700FFE /* YMSysAutoFeedViewController.h */,
				4DB066ED21C9EEFC00700FFE /* YMSysAutoFeedViewController.m */,
				4DB066EF21C9EF1400700FFE /* YMSysAutoFeedTableViewCell.h */,
				4DB066F021C9EF1400700FFE /* YMSysAutoFeedTableViewCell.m */,
			);
			path = Feeds;
			sourceTree = "<group>";
		};
		4D7AEC67213645A800043593 /* Public */ = {
			isa = PBXGroup;
			children = (
				4D7AEC7121364A7200043593 /* YMHeader.pch */,
				4D7AEC68213645D900043593 /* YMProtocol.h */,
				4D38518A21A7F1590083CC41 /* YMDefine.h */,
			);
			path = Public;
			sourceTree = "<group>";
		};
		4D8F5CE5215B1DE3005B855E /* TestIntegrate */ = {
			isa = PBXGroup;
			children = (
				4D8F5CE6215B1E18005B855E /* JLAnchorPageScrollViewAgent.h */,
				4D8F5CE7215B1E18005B855E /* JLAnchorPageScrollViewAgent.m */,
				4D8F5CF4215B4CEB005B855E /* JLAnchorPageScrollViewAgentDelegate.h */,
				4D8F5CE9215B1FB5005B855E /* YMLeftTableViewController.h */,
				4D8F5CEA215B1FB5005B855E /* YMLeftTableViewController.m */,
				4D8F5CEC215B1FC2005B855E /* YMRightTableViewController.h */,
				4D8F5CED215B1FC2005B855E /* YMRightTableViewController.m */,
			);
			path = TestIntegrate;
			sourceTree = "<group>";
		};
		4DE122212142273400BC3FED /* Physics */ = {
			isa = PBXGroup;
			children = (
				4DE1221E2142271B00BC3FED /* YMPhysicsViewController.h */,
				4DE1221F2142271B00BC3FED /* YMPhysicsViewController.m */,
			);
			path = Physics;
			sourceTree = "<group>";
		};
		4DE122222142273D00BC3FED /* Maths */ = {
			isa = PBXGroup;
			children = (
				4DE122232142275400BC3FED /* YMMathsViewController.h */,
				4DE122242142275400BC3FED /* YMMathsViewController.m */,
			);
			path = Maths;
			sourceTree = "<group>";
		};
		4DE1222C21422CB600BC3FED /* UIInteraction */ = {
			isa = PBXGroup;
			children = (
				B466B43A22B0AC85008D5F78 /* CollectionView */,
				4D257E7E221E3EFD0029BBCC /* TableView */,
				4D8F5CE5215B1DE3005B855E /* TestIntegrate */,
				4DE122292142299200BC3FED /* YMUIViewController.h */,
				4DE1222A2142299200BC3FED /* YMUIViewController.m */,
				4D22687320D2086A006D54D1 /* YMScrollViewController.h */,
				4D22687420D2086A006D54D1 /* YMScrollViewController.m */,
				4D15ADF12147891900B36D0C /* YMSafeAreaViewController.h */,
				4D15ADF22147891900B36D0C /* YMSafeAreaViewController.m */,
				4DD81E002181705400C3011B /* YMAnimationViewController.h */,
				4DD81E012181705400C3011B /* YMAnimationViewController.m */,
				B4B16ADC22F3FFD70004BD56 /* YMNaviBarTestViewController.h */,
				B4B16ADD22F3FFD70004BD56 /* YMNaviBarTestViewController.m */,
				4D38518121A7CB0B0083CC41 /* Feeds */,
			);
			path = UIInteraction;
			sourceTree = "<group>";
		};
		4DE1222D21422CF100BC3FED /* ThirdParty */ = {
			isa = PBXGroup;
			children = (
				4D19915C212697AC003D59D0 /* YMChatViewController.h */,
				4D19915D212697AC003D59D0 /* YMChatViewController.m */,
				4DE122262142292300BC3FED /* YMThirdPartyViewController.h */,
				4DE122272142292300BC3FED /* YMThirdPartyViewController.m */,
				4D0DB42B21F07B8100CB4F07 /* YMReactiveCocoaViewController.h */,
				4D0DB42C21F07B8100CB4F07 /* YMReactiveCocoaViewController.m */,
			);
			path = ThirdParty;
			sourceTree = "<group>";
		};
		4DE1222E21422D1E00BC3FED /* Foundation */ = {
			isa = PBXGroup;
			children = (
				4D7AEC6C2136464600043593 /* YMCommonViewController.h */,
				4D7AEC6D2136464600043593 /* YMCommonViewController.m */,
				B40AFF6A2341CEE80098F28F /* YMSoundViewController.h */,
				B40AFF6B2341CEE80098F28F /* YMSoundViewController.m */,
			);
			path = Foundation;
			sourceTree = "<group>";
		};
		4DE4644C212E587800E16AB0 /* View */ = {
			isa = PBXGroup;
			children = (
				4DBAAB98212D75A600F340C3 /* YMScrollView.h */,
				4DBAAB99212D75A600F340C3 /* YMScrollView.m */,
				4D0EBFB12137CE5D0063D556 /* YMAlgorithmDrawView.h */,
				4D0EBFB22137CE5D0063D556 /* YMAlgorithmDrawView.m */,
			);
			path = View;
			sourceTree = "<group>";
		};
		4DE4644D212E588000E16AB0 /* Utility */ = {
			isa = PBXGroup;
			children = (
				B44D6D4F2452B18A00379401 /* MSWeakTimer */,
				4D0EBFB42137DB760063D556 /* Category */,
				4D19915921269742003D59D0 /* YMAIChatQQ.h */,
				4D19915A21269742003D59D0 /* YMAIChatQQ.m */,
				4D7AEC692136462400043593 /* YMAlgorithm.h */,
				4D7AEC6A2136462400043593 /* YMAlgorithm.m */,
				4D0EBFB82137E2120063D556 /* YMDrawUtil.h */,
				4D0EBFB92137E2120063D556 /* YMDrawUtil.m */,
				4D8F5CF1215B3703005B855E /* YMFunc.h */,
				4D8F5CF2215B3703005B855E /* YMFunc.m */,
				B43588A023279F150007FD55 /* YMProxy.h */,
				B43588A123279F150007FD55 /* YMProxy.m */,
				B40AFF672341C4C40098F28F /* YMSoundUtil.h */,
				B40AFF682341C4C40098F28F /* YMSoundUtil.m */,
			);
			path = Utility;
			sourceTree = "<group>";
		};
		4DE4644E212E588F00E16AB0 /* Controller */ = {
			isa = PBXGroup;
			children = (
				4D24B7A022366FA500B71755 /* Thread */,
				4DE122222142273D00BC3FED /* Maths */,
				4DE122212142273400BC3FED /* Physics */,
				4D0EBFAD2137CCBA0063D556 /* Algorithm */,
				4DE1222D21422CF100BC3FED /* ThirdParty */,
				4DE1222C21422CB600BC3FED /* UIInteraction */,
				4DE1222E21422D1E00BC3FED /* Foundation */,
				4D0DB42821F07B6600CB4F07 /* YMBaseViewController.h */,
				4D0DB42921F07B6600CB4F07 /* YMBaseViewController.m */,
			);
			path = Controller;
			sourceTree = "<group>";
		};
		4DE4644F212E594200E16AB0 /* Model */ = {
			isa = PBXGroup;
			children = (
			);
			path = Model;
			sourceTree = "<group>";
		};
		B44D6D4F2452B18A00379401 /* MSWeakTimer */ = {
			isa = PBXGroup;
			children = (
				B44D6D502452B18A00379401 /* MSWeakTimer.h */,
				B44D6D512452B18A00379401 /* MSWeakTimer.m */,
			);
			path = MSWeakTimer;
			sourceTree = "<group>";
		};
		B466B43A22B0AC85008D5F78 /* CollectionView */ = {
			isa = PBXGroup;
			children = (
				B466B43B22B0ACF4008D5F78 /* YMCollectionTest01ViewController.h */,
				B466B43C22B0ACF4008D5F78 /* YMCollectionTest01ViewController.m */,
				B435889D232794BC0007FD55 /* YMCollectionTest02ViewController.h */,
				B435889E232794BC0007FD55 /* YMCollectionTest02ViewController.m */,
			);
			path = CollectionView;
			sourceTree = "<group>";
		};
		B5712375E0A6EBF36BB48D87 /* Pods */ = {
			isa = PBXGroup;
			children = (
				8170CAAD875E67BF14124E37 /* Pods-tata_oc.debug.xcconfig */,
				EF9707026339CD0FA9E3136A /* Pods-tata_oc.release.xcconfig */,
			);
			name = Pods;
			sourceTree = "<group>";
		};
		FC9ECB693AA42E6629000923 /* Frameworks */ = {
			isa = PBXGroup;
			children = (
				4D39793420DCAC5F0035C478 /* libc++.tbd */,
				4D39793220DCA8390035C478 /* VideoToolbox.framework */,
				4D39793020DCA82F0035C478 /* UIKit.framework */,
				4D39792E20DCA8260035C478 /* QuartzCore.framework */,
				4D39792C20DCA81E0035C478 /* OpenGLES.framework */,
				4D39792A20DCA8150035C478 /* MobileCoreServices.framework */,
				4D39792820DCA80B0035C478 /* MediaPlayer.framework */,
				4D39792620DCA8010035C478 /* libz.tbd */,
				4D39792420DCA7F90035C478 /* libbz2.tbd */,
				4D39792220DCA7DB0035C478 /* CoreVideo.framework */,
				4D39792020DCA7CF0035C478 /* CoreMedia.framework */,
				4D39791E20DCA7C60035C478 /* CoreGraphics.framework */,
				4D39791C20DCA7BD0035C478 /* AVFoundation.framework */,
				4D39791A20DCA7B50035C478 /* AudioToolbox.framework */,
				87E8F6D20EF3A5E21A39FE7D /* libPods-tata_oc.a */,
			);
			name = Frameworks;
			sourceTree = "<group>";
		};
/* End PBXGroup section */

/* Begin PBXNativeTarget section */
		4D22685620D20673006D54D1 /* tata_oc */ = {
			isa = PBXNativeTarget;
			buildConfigurationList = 4D22686D20D20675006D54D1 /* Build configuration list for PBXNativeTarget "tata_oc" */;
			buildPhases = (
				896BFAF028BB420AD9538EDB /* [CP] Check Pods Manifest.lock */,
				4D22685320D20673006D54D1 /* Sources */,
				4D22685420D20673006D54D1 /* Frameworks */,
				4D22685520D20673006D54D1 /* Resources */,
				4D88DAD620FF27C000470445 /* Embed Frameworks */,
				4D20EA0221536A6300DA9A78 /* ShellScript */,
			);
			buildRules = (
			);
			dependencies = (
			);
			name = tata_oc;
			productName = tata_oc;
			productReference = 4D22685720D20673006D54D1 /* tata_oc.app */;
			productType = "com.apple.product-type.application";
		};
/* End PBXNativeTarget section */

/* Begin PBXProject section */
		4D22684F20D20673006D54D1 /* Project object */ = {
			isa = PBXProject;
			attributes = {
				CLASSPREFIX = YM;
				LastUpgradeCheck = 0930;
				ORGANIZATIONNAME = yongming;
				TargetAttributes = {
					4D22685620D20673006D54D1 = {
						CreatedOnToolsVersion = 9.3;
						SystemCapabilities = {
							com.apple.BackgroundModes = {
								enabled = 1;
							};
						};
					};
				};
			};
			buildConfigurationList = 4D22685220D20673006D54D1 /* Build configuration list for PBXProject "tata_oc" */;
			compatibilityVersion = "Xcode 9.3";
			developmentRegion = en;
			hasScannedForEncodings = 0;
			knownRegions = (
				en,
				Base,
			);
			mainGroup = 4D22684E20D20673006D54D1;
			productRefGroup = 4D22685820D20673006D54D1 /* Products */;
			projectDirPath = "";
			projectRoot = "";
			targets = (
				4D22685620D20673006D54D1 /* tata_oc */,
			);
		};
/* End PBXProject section */

/* Begin PBXResourcesBuildPhase section */
		4D22685520D20673006D54D1 /* Resources */ = {
			isa = PBXResourcesBuildPhase;
			buildActionMask = 2147483647;
			files = (
				4D38518821A7CD660083CC41 /* Feeds.plist in Resources */,
				B43B64DA22FD4544009AA0A5 /* arrow@2x.png in Resources */,
				4D22686720D20675006D54D1 /* LaunchScreen.storyboard in Resources */,
				4D22686420D20675006D54D1 /* Assets.xcassets in Resources */,
				4D22686220D20673006D54D1 /* Main.storyboard in Resources */,
			);
			runOnlyForDeploymentPostprocessing = 0;
		};
/* End PBXResourcesBuildPhase section */

/* Begin PBXShellScriptBuildPhase section */
		4D20EA0221536A6300DA9A78 /* ShellScript */ = {
			isa = PBXShellScriptBuildPhase;
			buildActionMask = 2147483647;
			files = (
			);
			inputFileListPaths = (
			);
			inputPaths = (
			);
			outputFileListPaths = (
			);
			outputPaths = (
			);
			runOnlyForDeploymentPostprocessing = 0;
			shellPath = /usr/bin/python;
			shellScript = "# Type a script or drag a script file from your workspace to insert its path.\n#str = '/Users/yongming/Downloads/xcode_log1'\n#fh = open(str, 'a+')\n#fh.write('123456')\n#fh.close()\n";
		};
		896BFAF028BB420AD9538EDB /* [CP] Check Pods Manifest.lock */ = {
			isa = PBXShellScriptBuildPhase;
			buildActionMask = 2147483647;
			files = (
			);
			inputPaths = (
				"${PODS_PODFILE_DIR_PATH}/Podfile.lock",
				"${PODS_ROOT}/Manifest.lock",
			);
			name = "[CP] Check Pods Manifest.lock";
			outputPaths = (
				"$(DERIVED_FILE_DIR)/Pods-tata_oc-checkManifestLockResult.txt",
			);
			runOnlyForDeploymentPostprocessing = 0;
			shellPath = /bin/sh;
			shellScript = "diff \"${PODS_PODFILE_DIR_PATH}/Podfile.lock\" \"${PODS_ROOT}/Manifest.lock\" > /dev/null\nif [ $? != 0 ] ; then\n    # print error to STDERR\n    echo \"error: The sandbox is not in sync with the Podfile.lock. Run 'pod install' or update your CocoaPods installation.\" >&2\n    exit 1\nfi\n# This output is used by Xcode 'outputs' to avoid re-running this script phase.\necho \"SUCCESS\" > \"${SCRIPT_OUTPUT_FILE_0}\"\n";
			showEnvVarsInLog = 0;
		};
/* End PBXShellScriptBuildPhase section */

/* Begin PBXSourcesBuildPhase section */
		4D22685320D20673006D54D1 /* Sources */ = {
			isa = PBXSourcesBuildPhase;
			buildActionMask = 2147483647;
			files = (
				4D22685F20D20673006D54D1 /* ViewController.m in Sources */,
				B466B43D22B0ACF5008D5F78 /* YMCollectionTest01ViewController.m in Sources */,
				4D8F5CE8215B1E18005B855E /* JLAnchorPageScrollViewAgent.m in Sources */,
				4D8F5CEE215B1FC2005B855E /* YMRightTableViewController.m in Sources */,
				4D38518021A7B0240083CC41 /* YMFeedsFlowViewController.m in Sources */,
				4DBAAB9A212D75A600F340C3 /* YMScrollView.m in Sources */,
				4DB066F121C9EF1400700FFE /* YMSysAutoFeedTableViewCell.m in Sources */,
				4D0EBFAB2137C14C0063D556 /* YMAlgorithmViewController.m in Sources */,
				B4B16ADE22F3FFD70004BD56 /* YMNaviBarTestViewController.m in Sources */,
				4D24B7A322366FC400B71755 /* YMThreadTestController.m in Sources */,
				4D15ADF32147891900B36D0C /* YMSafeAreaViewController.m in Sources */,
				4DA1D82B213F8778006B7683 /* YMNormalAlgorithmViewController.m in Sources */,
				4DE122202142271B00BC3FED /* YMPhysicsViewController.m in Sources */,
				4DB066EE21C9EEFC00700FFE /* YMSysAutoFeedViewController.m in Sources */,
				4D0EBFB02137CD370063D556 /* YMBinaryTreeViewController.m in Sources */,
				4DD81E022181705400C3011B /* YMAnimationViewController.m in Sources */,
				4D19915B21269742003D59D0 /* YMAIChatQQ.m in Sources */,
				B435889F232794BC0007FD55 /* YMCollectionTest02ViewController.m in Sources */,
				4D0EBFBD2137F87C0063D556 /* YMRBTreeViewController.m in Sources */,
				B44D6D522452B18B00379401 /* MSWeakTimer.m in Sources */,
				B40AFF6C2341CEE80098F28F /* YMSoundViewController.m in Sources */,
				4D0DB42A21F07B6600CB4F07 /* YMBaseViewController.m in Sources */,
				B40AFF662341C45A0098F28F /* UIDevice+YM.m in Sources */,
				B40AFF692341C4C40098F28F /* YMSoundUtil.m in Sources */,
				B43588A223279F150007FD55 /* YMProxy.m in Sources */,
				4DE122252142275400BC3FED /* YMMathsViewController.m in Sources */,
				4D22687520D2086A006D54D1 /* YMScrollViewController.m in Sources */,
				4D8F5CF3215B3703005B855E /* YMFunc.m in Sources */,
				4D8F5CEB215B1FB5005B855E /* YMLeftTableViewController.m in Sources */,
				4D22686A20D20675006D54D1 /* main.m in Sources */,
				4DE122282142292300BC3FED /* YMThirdPartyViewController.m in Sources */,
				4D7AEC6E2136464600043593 /* YMCommonViewController.m in Sources */,
				4DC73C4621ABC09300A80774 /* YMAutoFeedTableViewCell.m in Sources */,
				4D0EBFB72137DB8B0063D556 /* UIColor+Util.m in Sources */,
				4DC73C4921ABC0DB00A80774 /* YMAutoFeedViewController.m in Sources */,
				4DE1222B2142299200BC3FED /* YMUIViewController.m in Sources */,
				4D7AEC6B2136462400043593 /* YMAlgorithm.m in Sources */,
				4D22685C20D20673006D54D1 /* AppDelegate.m in Sources */,
				4D0EBFB32137CE5D0063D556 /* YMAlgorithmDrawView.m in Sources */,
				4D19915E212697AC003D59D0 /* YMChatViewController.m in Sources */,
				4D0EBFBA2137E2120063D556 /* YMDrawUtil.m in Sources */,
				4D38518D21A805C20083CC41 /* YMFeedTableViewCell.m in Sources */,
				4D8A336C2242365B00D6AA68 /* YMUITableViewTestViewController.m in Sources */,
				B420442523430B82002CB8AB /* UIView+Extension.m in Sources */,
				4D257E81221E3F290029BBCC /* YMTestSwipCellViewController.m in Sources */,
				4D0DB42D21F07B8100CB4F07 /* YMReactiveCocoaViewController.m in Sources */,
				4D38518421A7CB230083CC41 /* YMFeedModel.m in Sources */,
			);
			runOnlyForDeploymentPostprocessing = 0;
		};
/* End PBXSourcesBuildPhase section */

/* Begin PBXVariantGroup section */
		4D22686020D20673006D54D1 /* Main.storyboard */ = {
			isa = PBXVariantGroup;
			children = (
				4D22686120D20673006D54D1 /* Base */,
			);
			name = Main.storyboard;
			sourceTree = "<group>";
		};
		4D22686520D20675006D54D1 /* LaunchScreen.storyboard */ = {
			isa = PBXVariantGroup;
			children = (
				4D22686620D20675006D54D1 /* Base */,
			);
			name = LaunchScreen.storyboard;
			sourceTree = "<group>";
		};
/* End PBXVariantGroup section */

/* Begin XCBuildConfiguration section */
		4D22686B20D20675006D54D1 /* Debug */ = {
			isa = XCBuildConfiguration;
			buildSettings = {
				ALWAYS_SEARCH_USER_PATHS = NO;
				CLANG_ANALYZER_NONNULL = YES;
				CLANG_ANALYZER_NUMBER_OBJECT_CONVERSION = YES_AGGRESSIVE;
				CLANG_CXX_LANGUAGE_STANDARD = "gnu++14";
				CLANG_CXX_LIBRARY = "libc++";
				CLANG_ENABLE_MODULES = YES;
				CLANG_ENABLE_OBJC_ARC = YES;
				CLANG_ENABLE_OBJC_WEAK = YES;
				CLANG_WARN_BLOCK_CAPTURE_AUTORELEASING = YES;
				CLANG_WARN_BOOL_CONVERSION = YES;
				CLANG_WARN_COMMA = YES;
				CLANG_WARN_CONSTANT_CONVERSION = YES;
				CLANG_WARN_DEPRECATED_OBJC_IMPLEMENTATIONS = YES;
				CLANG_WARN_DIRECT_OBJC_ISA_USAGE = YES_ERROR;
				CLANG_WARN_DOCUMENTATION_COMMENTS = YES;
				CLANG_WARN_EMPTY_BODY = YES;
				CLANG_WARN_ENUM_CONVERSION = YES;
				CLANG_WARN_INFINITE_RECURSION = YES;
				CLANG_WARN_INT_CONVERSION = YES;
				CLANG_WARN_NON_LITERAL_NULL_CONVERSION = YES;
				CLANG_WARN_OBJC_IMPLICIT_RETAIN_SELF = YES;
				CLANG_WARN_OBJC_LITERAL_CONVERSION = YES;
				CLANG_WARN_OBJC_ROOT_CLASS = YES_ERROR;
				CLANG_WARN_RANGE_LOOP_ANALYSIS = YES;
				CLANG_WARN_STRICT_PROTOTYPES = YES;
				CLANG_WARN_SUSPICIOUS_MOVE = YES;
				CLANG_WARN_UNGUARDED_AVAILABILITY = YES_AGGRESSIVE;
				CLANG_WARN_UNREACHABLE_CODE = YES;
				CLANG_WARN__DUPLICATE_METHOD_MATCH = YES;
				CODE_SIGN_IDENTITY = "iPhone Developer";
				COPY_PHASE_STRIP = NO;
				DEBUG_INFORMATION_FORMAT = dwarf;
				ENABLE_STRICT_OBJC_MSGSEND = YES;
				ENABLE_TESTABILITY = YES;
				GCC_C_LANGUAGE_STANDARD = gnu11;
				GCC_DYNAMIC_NO_PIC = NO;
				GCC_NO_COMMON_BLOCKS = YES;
				GCC_OPTIMIZATION_LEVEL = 0;
				GCC_PREPROCESSOR_DEFINITIONS = (
					"DEBUG=1",
					"$(inherited)",
				);
				GCC_WARN_64_TO_32_BIT_CONVERSION = YES;
				GCC_WARN_ABOUT_RETURN_TYPE = YES_ERROR;
				GCC_WARN_UNDECLARED_SELECTOR = YES;
				GCC_WARN_UNINITIALIZED_AUTOS = YES_AGGRESSIVE;
				GCC_WARN_UNUSED_FUNCTION = YES;
				GCC_WARN_UNUSED_VARIABLE = YES;
				IPHONEOS_DEPLOYMENT_TARGET = 11.3;
				MTL_ENABLE_DEBUG_INFO = YES;
				ONLY_ACTIVE_ARCH = YES;
				SDKROOT = iphoneos;
			};
			name = Debug;
		};
		4D22686C20D20675006D54D1 /* Release */ = {
			isa = XCBuildConfiguration;
			buildSettings = {
				ALWAYS_SEARCH_USER_PATHS = NO;
				CLANG_ANALYZER_NONNULL = YES;
				CLANG_ANALYZER_NUMBER_OBJECT_CONVERSION = YES_AGGRESSIVE;
				CLANG_CXX_LANGUAGE_STANDARD = "gnu++14";
				CLANG_CXX_LIBRARY = "libc++";
				CLANG_ENABLE_MODULES = YES;
				CLANG_ENABLE_OBJC_ARC = YES;
				CLANG_ENABLE_OBJC_WEAK = YES;
				CLANG_WARN_BLOCK_CAPTURE_AUTORELEASING = YES;
				CLANG_WARN_BOOL_CONVERSION = YES;
				CLANG_WARN_COMMA = YES;
				CLANG_WARN_CONSTANT_CONVERSION = YES;
				CLANG_WARN_DEPRECATED_OBJC_IMPLEMENTATIONS = YES;
				CLANG_WARN_DIRECT_OBJC_ISA_USAGE = YES_ERROR;
				CLANG_WARN_DOCUMENTATION_COMMENTS = YES;
				CLANG_WARN_EMPTY_BODY = YES;
				CLANG_WARN_ENUM_CONVERSION = YES;
				CLANG_WARN_INFINITE_RECURSION = YES;
				CLANG_WARN_INT_CONVERSION = YES;
				CLANG_WARN_NON_LITERAL_NULL_CONVERSION = YES;
				CLANG_WARN_OBJC_IMPLICIT_RETAIN_SELF = YES;
				CLANG_WARN_OBJC_LITERAL_CONVERSION = YES;
				CLANG_WARN_OBJC_ROOT_CLASS = YES_ERROR;
				CLANG_WARN_RANGE_LOOP_ANALYSIS = YES;
				CLANG_WARN_STRICT_PROTOTYPES = YES;
				CLANG_WARN_SUSPICIOUS_MOVE = YES;
				CLANG_WARN_UNGUARDED_AVAILABILITY = YES_AGGRESSIVE;
				CLANG_WARN_UNREACHABLE_CODE = YES;
				CLANG_WARN__DUPLICATE_METHOD_MATCH = YES;
				CODE_SIGN_IDENTITY = "iPhone Developer";
				COPY_PHASE_STRIP = NO;
				DEBUG_INFORMATION_FORMAT = "dwarf-with-dsym";
				ENABLE_NS_ASSERTIONS = NO;
				ENABLE_STRICT_OBJC_MSGSEND = YES;
				GCC_C_LANGUAGE_STANDARD = gnu11;
				GCC_NO_COMMON_BLOCKS = YES;
				GCC_WARN_64_TO_32_BIT_CONVERSION = YES;
				GCC_WARN_ABOUT_RETURN_TYPE = YES_ERROR;
				GCC_WARN_UNDECLARED_SELECTOR = YES;
				GCC_WARN_UNINITIALIZED_AUTOS = YES_AGGRESSIVE;
				GCC_WARN_UNUSED_FUNCTION = YES;
				GCC_WARN_UNUSED_VARIABLE = YES;
				IPHONEOS_DEPLOYMENT_TARGET = 11.3;
				MTL_ENABLE_DEBUG_INFO = NO;
				SDKROOT = iphoneos;
				VALIDATE_PRODUCT = YES;
			};
			name = Release;
		};
		4D22686E20D20675006D54D1 /* Debug */ = {
			isa = XCBuildConfiguration;
			baseConfigurationReference = 8170CAAD875E67BF14124E37 /* Pods-tata_oc.debug.xcconfig */;
			buildSettings = {
				ASSETCATALOG_COMPILER_APPICON_NAME = AppIcon;
				CODE_SIGN_STYLE = Automatic;
				DEVELOPMENT_TEAM = Z74DM5Y4BP;
				ENABLE_BITCODE = NO;
				FRAMEWORK_SEARCH_PATHS = "$(inherited)";
				GCC_PREFIX_HEADER = $SRCROOT/tata_oc/Public/YMHeader.pch;
				INFOPLIST_FILE = "$(SRCROOT)/tata_oc/Info.plist";
				IPHONEOS_DEPLOYMENT_TARGET = 9.0;
				LD_RUNPATH_SEARCH_PATHS = (
					"$(inherited)",
					"@executable_path/Frameworks",
				);
				PRODUCT_BUNDLE_IDENTIFIER = com.guagau.stream;
				PRODUCT_NAME = "$(TARGET_NAME)";
				TARGETED_DEVICE_FAMILY = 1;
				WARNING_CFLAGS = (
					"-Wno-deprecated-declarations",
					"-Wno-strict-prototypes",
					"-Wno-missing-declarations",
					"-Wno-deprecated-implementations",
					"-Wno-unknown-warning-option",
					"-Wno-receiver-is-weak",
					"-Wunguarded-availability",
				);
			};
			name = Debug;
		};
		4D22686F20D20675006D54D1 /* Release */ = {
			isa = XCBuildConfiguration;
			baseConfigurationReference = EF9707026339CD0FA9E3136A /* Pods-tata_oc.release.xcconfig */;
			buildSettings = {
				ASSETCATALOG_COMPILER_APPICON_NAME = AppIcon;
				CODE_SIGN_STYLE = Automatic;
				DEVELOPMENT_TEAM = Z74DM5Y4BP;
				ENABLE_BITCODE = NO;
				FRAMEWORK_SEARCH_PATHS = "$(inherited)";
				GCC_PREFIX_HEADER = $SRCROOT/tata_oc/Public/YMHeader.pch;
				INFOPLIST_FILE = "$(SRCROOT)/tata_oc/Info.plist";
				IPHONEOS_DEPLOYMENT_TARGET = 9.0;
				LD_RUNPATH_SEARCH_PATHS = (
					"$(inherited)",
					"@executable_path/Frameworks",
				);
				PRODUCT_BUNDLE_IDENTIFIER = com.guagau.stream;
				PRODUCT_NAME = "$(TARGET_NAME)";
				TARGETED_DEVICE_FAMILY = 1;
				WARNING_CFLAGS = (
					"-Wno-deprecated-declarations",
					"-Wno-strict-prototypes",
					"-Wno-missing-declarations",
					"-Wno-deprecated-implementations",
					"-Wno-unknown-warning-option",
					"-Wno-receiver-is-weak",
					"-Wunguarded-availability",
				);
			};
			name = Release;
		};
/* End XCBuildConfiguration section */

/* Begin XCConfigurationList section */
		4D22685220D20673006D54D1 /* Build configuration list for PBXProject "tata_oc" */ = {
			isa = XCConfigurationList;
			buildConfigurations = (
				4D22686B20D20675006D54D1 /* Debug */,
				4D22686C20D20675006D54D1 /* Release */,
			);
			defaultConfigurationIsVisible = 0;
			defaultConfigurationName = Release;
		};
		4D22686D20D20675006D54D1 /* Build configuration list for PBXNativeTarget "tata_oc" */ = {
			isa = XCConfigurationList;
			buildConfigurations = (
				4D22686E20D20675006D54D1 /* Debug */,
				4D22686F20D20675006D54D1 /* Release */,
			);
			defaultConfigurationIsVisible = 0;
			defaultConfigurationName = Release;
		};
/* End XCConfigurationList section */
	};
	rootObject = 4D22684F20D20673006D54D1 /* Project object */;
}
